
Microsoft Visual Studio Solution File, Format Version 12.00
# Visual Studio Version 17
VisualStudioVersion = 17.7.34024.191
MinimumVisualStudioVersion = 10.0.40219.1
Project("{8BC9CEB8-8B4A-11D0-8D11-00A0C91BC942}") = "Gobang", "Gobang\Gobang.vcxproj", "{F0F3293A-0D30-4455-9878-3B524B179289}"
EndProject
Project("{54435603-DBB4-11D2-8724-00A0C9A8B90C}") = "五子棋", "五子棋\五子棋.vdproj", "{23B071CF-3EDE-44CE-93EF-42B9348B1ECA}"
EndProject
Global
	GlobalSection(SolutionConfigurationPlatforms) = preSolution
		Debug|x64 = Debug|x64
		Debug|x86 = Debug|x86
		Release|x64 = Release|x64
		Release|x86 = Release|x86
	EndGlobalSection
	GlobalSection(ProjectConfigurationPlatforms) = postSolution
		{F0F3293A-0D30-4455-9878-3B524B179289}.Debug|x64.ActiveCfg = Debug|x64
		{F0F3293A-0D30-4455-9878-3B524B179289}.Debug|x64.Build.0 = Debug|x64
		{F0F3293A-0D30-4455-9878-3B524B179289}.Debug|x86.ActiveCfg = Debug|Win32
		{F0F3293A-0D30-4455-9878-3B524B179289}.Debug|x86.Build.0 = Debug|Win32
		{F0F3293A-0D30-4455-9878-3B524B179289}.Release|x64.ActiveCfg = Release|x64
		{F0F3293A-0D30-4455-9878-3B524B179289}.Release|x64.Build.0 = Release|x64
		{F0F3293A-0D30-4455-9878-3B524B179289}.Release|x86.ActiveCfg = Release|Win32
		{F0F3293A-0D30-4455-9878-3B524B179289}.Release|x86.Build.0 = Release|Win32
		{23B071CF-3EDE-44CE-93EF-42B9348B1ECA}.Debug|x64.ActiveCfg = Debug
		{23B071CF-3EDE-44CE-93EF-42B9348B1ECA}.Debug|x86.ActiveCfg = Debug
		{23B071CF-3EDE-44CE-93EF-42B9348B1ECA}.Release|x64.ActiveCfg = Release
		{23B071CF-3EDE-44CE-93EF-42B9348B1ECA}.Release|x86.ActiveCfg = Release
	EndGlobalSection
	GlobalSection(SolutionProperties) = preSolution
		HideSolutionNode = FALSE
	EndGlobalSection
	GlobalSection(ExtensibilityGlobals) = postSolution
		SolutionGuid = {A06A1E68-9EBA-4F35-ACB0-59886B421B3C}
	EndGlobalSection
EndGlobal
